// !$*UTF8*$!
{
	archiveVersion = 1;
	classes = {
	};
	objectVersion = 46;
	objects = {

/* Begin PBXBuildFile section */
		0714BBFE1A58A2ED006FBF8D /* AppDelegate.swift in Sources */ = {isa = PBXBuildFile; fileRef = 0714BBFD1A58A2ED006FBF8D /* AppDelegate.swift */; };
		0714BC031A58A2EE006FBF8D /* Main.storyboard in Resources */ = {isa = PBXBuildFile; fileRef = 0714BC011A58A2EE006FBF8D /* Main.storyboard */; };
		0714BC051A58A2EE006FBF8D /* Images.xcassets in Resources */ = {isa = PBXBuildFile; fileRef = 0714BC041A58A2EE006FBF8D /* Images.xcassets */; };
		0714BC081A58A2EE006FBF8D /* LaunchScreen.xib in Resources */ = {isa = PBXBuildFile; fileRef = 0714BC061A58A2EE006FBF8D /* LaunchScreen.xib */; };
		0714BC141A58A2EE006FBF8D /* iKotaTests.swift in Sources */ = {isa = PBXBuildFile; fileRef = 0714BC131A58A2EE006FBF8D /* iKotaTests.swift */; };
		0714BC201A58A6C0006FBF8D /* TuneCollection.swift in Sources */ = {isa = PBXBuildFile; fileRef = 0714BC1F1A58A6C0006FBF8D /* TuneCollection.swift */; };
		07229DA91A60DF5D00D7E1A0 /* YoutubeConnector.swift in Sources */ = {isa = PBXBuildFile; fileRef = 07229DA81A60DF5D00D7E1A0 /* YoutubeConnector.swift */; };
		0723D80E1A64221900641F64 /* SearchViewController.swift in Sources */ = {isa = PBXBuildFile; fileRef = 0723D80D1A64221900641F64 /* SearchViewController.swift */; };
		0723D8141A6425B500641F64 /* Bolts.framework in Frameworks */ = {isa = PBXBuildFile; fileRef = 0723D80F1A6425B500641F64 /* Bolts.framework */; };
		0723D8151A6425B500641F64 /* Parse.framework in Frameworks */ = {isa = PBXBuildFile; fileRef = 0723D8101A6425B500641F64 /* Parse.framework */; };
		0723D8161A6425B500641F64 /* ParseCrashReporting.framework in Frameworks */ = {isa = PBXBuildFile; fileRef = 0723D8111A6425B500641F64 /* ParseCrashReporting.framework */; };
		0723D8171A6425B500641F64 /* ParseFacebookUtils.framework in Frameworks */ = {isa = PBXBuildFile; fileRef = 0723D8121A6425B500641F64 /* ParseFacebookUtils.framework */; };
		0723D8181A6425B500641F64 /* ParseUI.framework in Frameworks */ = {isa = PBXBuildFile; fileRef = 0723D8131A6425B500641F64 /* ParseUI.framework */; };
		0723D81B1A64261600641F64 /* AudioToolbox.framework in Frameworks */ = {isa = PBXBuildFile; fileRef = 0723D81A1A64261600641F64 /* AudioToolbox.framework */; };
		0723D81D1A64261F00641F64 /* CFNetwork.framework in Frameworks */ = {isa = PBXBuildFile; fileRef = 0723D81C1A64261F00641F64 /* CFNetwork.framework */; };
		0723D81F1A64262900641F64 /* CoreGraphics.framework in Frameworks */ = {isa = PBXBuildFile; fileRef = 0723D81E1A64262900641F64 /* CoreGraphics.framework */; };
		0723D8211A64263200641F64 /* CoreLocation.framework in Frameworks */ = {isa = PBXBuildFile; fileRef = 0723D8201A64263200641F64 /* CoreLocation.framework */; };
		0723D8231A64263C00641F64 /* MobileCoreServices.framework in Frameworks */ = {isa = PBXBuildFile; fileRef = 0723D8221A64263C00641F64 /* MobileCoreServices.framework */; };
		0723D8251A64264900641F64 /* QuartzCore.framework in Frameworks */ = {isa = PBXBuildFile; fileRef = 0723D8241A64264900641F64 /* QuartzCore.framework */; };
		0723D8271A64265400641F64 /* Security.framework in Frameworks */ = {isa = PBXBuildFile; fileRef = 0723D8261A64265400641F64 /* Security.framework */; };
		0723D8291A64265D00641F64 /* StoreKit.framework in Frameworks */ = {isa = PBXBuildFile; fileRef = 0723D8281A64265D00641F64 /* StoreKit.framework */; };
		0723D82B1A64266700641F64 /* SystemConfiguration.framework in Frameworks */ = {isa = PBXBuildFile; fileRef = 0723D82A1A64266700641F64 /* SystemConfiguration.framework */; };
		0723D82D1A64267200641F64 /* libz.dylib in Frameworks */ = {isa = PBXBuildFile; fileRef = 0723D82C1A64267200641F64 /* libz.dylib */; };
		0723D82F1A64267E00641F64 /* libsqlite3.dylib in Frameworks */ = {isa = PBXBuildFile; fileRef = 0723D82E1A64267E00641F64 /* libsqlite3.dylib */; };
		07319CE71A5EBEA6009C0229 /* YoutubeViewController.swift in Sources */ = {isa = PBXBuildFile; fileRef = 07319CE61A5EBEA6009C0229 /* YoutubeViewController.swift */; };
		076713FE1A6137F2007A881F /* ViewController.swift in Sources */ = {isa = PBXBuildFile; fileRef = 0714BBFF1A58A2ED006FBF8D /* ViewController.swift */; };
/* End PBXBuildFile section */

/* Begin PBXContainerItemProxy section */
		0714BC0E1A58A2EE006FBF8D /* PBXContainerItemProxy */ = {
			isa = PBXContainerItemProxy;
			containerPortal = 0714BBF01A58A2ED006FBF8D /* Project object */;
			proxyType = 1;
			remoteGlobalIDString = 0714BBF71A58A2ED006FBF8D;
			remoteInfo = iKota;
		};
/* End PBXContainerItemProxy section */

/* Begin PBXFileReference section */
		0714BBF81A58A2ED006FBF8D /* iKota.app */ = {isa = PBXFileReference; explicitFileType = wrapper.application; includeInIndex = 0; path = iKota.app; sourceTree = BUILT_PRODUCTS_DIR; };
		0714BBFC1A58A2ED006FBF8D /* Info.plist */ = {isa = PBXFileReference; lastKnownFileType = text.plist.xml; path = Info.plist; sourceTree = "<group>"; };
		0714BBFD1A58A2ED006FBF8D /* AppDelegate.swift */ = {isa = PBXFileReference; lastKnownFileType = sourcecode.swift; path = AppDelegate.swift; sourceTree = "<group>"; };
		0714BBFF1A58A2ED006FBF8D /* ViewController.swift */ = {isa = PBXFileReference; lastKnownFileType = sourcecode.swift; path = ViewController.swift; sourceTree = "<group>"; };
		0714BC021A58A2EE006FBF8D /* Base */ = {isa = PBXFileReference; lastKnownFileType = file.storyboard; name = Base; path = Base.lproj/Main.storyboard; sourceTree = "<group>"; };
		0714BC041A58A2EE006FBF8D /* Images.xcassets */ = {isa = PBXFileReference; lastKnownFileType = folder.assetcatalog; path = Images.xcassets; sourceTree = "<group>"; };
		0714BC071A58A2EE006FBF8D /* Base */ = {isa = PBXFileReference; lastKnownFileType = file.xib; name = Base; path = Base.lproj/LaunchScreen.xib; sourceTree = "<group>"; };
		0714BC0D1A58A2EE006FBF8D /* iKotaTests.xctest */ = {isa = PBXFileReference; explicitFileType = wrapper.cfbundle; includeInIndex = 0; path = iKotaTests.xctest; sourceTree = BUILT_PRODUCTS_DIR; };
		0714BC121A58A2EE006FBF8D /* Info.plist */ = {isa = PBXFileReference; lastKnownFileType = text.plist.xml; path = Info.plist; sourceTree = "<group>"; };
		0714BC131A58A2EE006FBF8D /* iKotaTests.swift */ = {isa = PBXFileReference; lastKnownFileType = sourcecode.swift; path = iKotaTests.swift; sourceTree = "<group>"; };
		0714BC1F1A58A6C0006FBF8D /* TuneCollection.swift */ = {isa = PBXFileReference; fileEncoding = 4; lastKnownFileType = sourcecode.swift; path = TuneCollection.swift; sourceTree = "<group>"; };
		07229DA81A60DF5D00D7E1A0 /* YoutubeConnector.swift */ = {isa = PBXFileReference; fileEncoding = 4; lastKnownFileType = sourcecode.swift; path = YoutubeConnector.swift; sourceTree = "<group>"; };
		0723D80D1A64221900641F64 /* SearchViewController.swift */ = {isa = PBXFileReference; fileEncoding = 4; lastKnownFileType = sourcecode.swift; path = SearchViewController.swift; sourceTree = "<group>"; };
		0723D80F1A6425B500641F64 /* Bolts.framework */ = {isa = PBXFileReference; lastKnownFileType = wrapper.framework; name = Bolts.framework; path = "../../../Downloads/parse-library-1.6.1/Bolts.framework"; sourceTree = "<group>"; };
		0723D8101A6425B500641F64 /* Parse.framework */ = {isa = PBXFileReference; lastKnownFileType = wrapper.framework; name = Parse.framework; path = "../../../Downloads/parse-library-1.6.1/Parse.framework"; sourceTree = "<group>"; };
		0723D8111A6425B500641F64 /* ParseCrashReporting.framework */ = {isa = PBXFileReference; lastKnownFileType = wrapper.framework; name = ParseCrashReporting.framework; path = "../../../Downloads/parse-library-1.6.1/ParseCrashReporting.framework"; sourceTree = "<group>"; };
		0723D8121A6425B500641F64 /* ParseFacebookUtils.framework */ = {isa = PBXFileReference; lastKnownFileType = wrapper.framework; name = ParseFacebookUtils.framework; path = "../../../Downloads/parse-library-1.6.1/ParseFacebookUtils.framework"; sourceTree = "<group>"; };
		0723D8131A6425B500641F64 /* ParseUI.framework */ = {isa = PBXFileReference; lastKnownFileType = wrapper.framework; name = ParseUI.framework; path = "../../../Downloads/parse-library-1.6.1/ParseUI.framework"; sourceTree = "<group>"; };
		0723D81A1A64261600641F64 /* AudioToolbox.framework */ = {isa = PBXFileReference; lastKnownFileType = wrapper.framework; name = AudioToolbox.framework; path = System/Library/Frameworks/AudioToolbox.framework; sourceTree = SDKROOT; };
		0723D81C1A64261F00641F64 /* CFNetwork.framework */ = {isa = PBXFileReference; lastKnownFileType = wrapper.framework; name = CFNetwork.framework; path = System/Library/Frameworks/CFNetwork.framework; sourceTree = SDKROOT; };
		0723D81E1A64262900641F64 /* CoreGraphics.framework */ = {isa = PBXFileReference; lastKnownFileType = wrapper.framework; name = CoreGraphics.framework; path = System/Library/Frameworks/CoreGraphics.framework; sourceTree = SDKROOT; };
		0723D8201A64263200641F64 /* CoreLocation.framework */ = {isa = PBXFileReference; lastKnownFileType = wrapper.framework; name = CoreLocation.framework; path = System/Library/Frameworks/CoreLocation.framework; sourceTree = SDKROOT; };
		0723D8221A64263C00641F64 /* MobileCoreServices.framework */ = {isa = PBXFileReference; lastKnownFileType = wrapper.framework; name = MobileCoreServices.framework; path = System/Library/Frameworks/MobileCoreServices.framework; sourceTree = SDKROOT; };
		0723D8241A64264900641F64 /* QuartzCore.framework */ = {isa = PBXFileReference; lastKnownFileType = wrapper.framework; name = QuartzCore.framework; path = System/Library/Frameworks/QuartzCore.framework; sourceTree = SDKROOT; };
		0723D8261A64265400641F64 /* Security.framework */ = {isa = PBXFileReference; lastKnownFileType = wrapper.framework; name = Security.framework; path = System/Library/Frameworks/Security.framework; sourceTree = SDKROOT; };
		0723D8281A64265D00641F64 /* StoreKit.framework */ = {isa = PBXFileReference; lastKnownFileType = wrapper.framework; name = StoreKit.framework; path = System/Library/Frameworks/StoreKit.framework; sourceTree = SDKROOT; };
		0723D82A1A64266700641F64 /* SystemConfiguration.framework */ = {isa = PBXFileReference; lastKnownFileType = wrapper.framework; name = SystemConfiguration.framework; path = System/Library/Frameworks/SystemConfiguration.framework; sourceTree = SDKROOT; };
		0723D82C1A64267200641F64 /* libz.dylib */ = {isa = PBXFileReference; lastKnownFileType = "compiled.mach-o.dylib"; name = libz.dylib; path = usr/lib/libz.dylib; sourceTree = SDKROOT; };
		0723D82E1A64267E00641F64 /* libsqlite3.dylib */ = {isa = PBXFileReference; lastKnownFileType = "compiled.mach-o.dylib"; name = libsqlite3.dylib; path = usr/lib/libsqlite3.dylib; sourceTree = SDKROOT; };
		0723D8301A6427A500641F64 /* iKota-Bridging-Header.h */ = {isa = PBXFileReference; lastKnownFileType = sourcecode.c.h; path = "iKota-Bridging-Header.h"; sourceTree = "<group>"; };
		07319CE61A5EBEA6009C0229 /* YoutubeViewController.swift */ = {isa = PBXFileReference; fileEncoding = 4; lastKnownFileType = sourcecode.swift; path = YoutubeViewController.swift; sourceTree = "<group>"; };
/* End PBXFileReference section */

/* Begin PBXFrameworksBuildPhase section */
		0714BBF51A58A2ED006FBF8D /* Frameworks */ = {
			isa = PBXFrameworksBuildPhase;
			buildActionMask = 2147483647;
			files = (
				0723D82F1A64267E00641F64 /* libsqlite3.dylib in Frameworks */,
				0723D82D1A64267200641F64 /* libz.dylib in Frameworks */,
				0723D82B1A64266700641F64 /* SystemConfiguration.framework in Frameworks */,
				0723D8291A64265D00641F64 /* StoreKit.framework in Frameworks */,
				0723D8271A64265400641F64 /* Security.framework in Frameworks */,
				0723D8251A64264900641F64 /* QuartzCore.framework in Frameworks */,
				0723D8231A64263C00641F64 /* MobileCoreServices.framework in Frameworks */,
				0723D8211A64263200641F64 /* CoreLocation.framework in Frameworks */,
				0723D81F1A64262900641F64 /* CoreGraphics.framework in Frameworks */,
				0723D81D1A64261F00641F64 /* CFNetwork.framework in Frameworks */,
				0723D81B1A64261600641F64 /* AudioToolbox.framework in Frameworks */,
				0723D8151A6425B500641F64 /* Parse.framework in Frameworks */,
				0723D8161A6425B500641F64 /* ParseCrashReporting.framework in Frameworks */,
				0723D8181A6425B500641F64 /* ParseUI.framework in Frameworks */,
				0723D8171A6425B500641F64 /* ParseFacebookUtils.framework in Frameworks */,
				0723D8141A6425B500641F64 /* Bolts.framework in Frameworks */,
			);
			runOnlyForDeploymentPostprocessing = 0;
		};
		0714BC0A1A58A2EE006FBF8D /* Frameworks */ = {
			isa = PBXFrameworksBuildPhase;
			buildActionMask = 2147483647;
			files = (
			);
			runOnlyForDeploymentPostprocessing = 0;
		};
/* End PBXFrameworksBuildPhase section */

/* Begin PBXGroup section */
		0714BBEF1A58A2ED006FBF8D = {
			isa = PBXGroup;
			children = (
				0723D8191A6425C700641F64 /* Frameworks */,
				0714BBFA1A58A2ED006FBF8D /* iKota */,
				0714BC101A58A2EE006FBF8D /* iKotaTests */,
				0714BBF91A58A2ED006FBF8D /* Products */,
			);
			sourceTree = "<group>";
		};
		0714BBF91A58A2ED006FBF8D /* Products */ = {
			isa = PBXGroup;
			children = (
				0714BBF81A58A2ED006FBF8D /* iKota.app */,
				0714BC0D1A58A2EE006FBF8D /* iKotaTests.xctest */,
			);
			name = Products;
			sourceTree = "<group>";
		};
		0714BBFA1A58A2ED006FBF8D /* iKota */ = {
			isa = PBXGroup;
			children = (
				0714BBFD1A58A2ED006FBF8D /* AppDelegate.swift */,
				0714BBFF1A58A2ED006FBF8D /* ViewController.swift */,
				0714BC1F1A58A6C0006FBF8D /* TuneCollection.swift */,
				07319CE61A5EBEA6009C0229 /* YoutubeViewController.swift */,
				07229DA81A60DF5D00D7E1A0 /* YoutubeConnector.swift */,
				0714BC011A58A2EE006FBF8D /* Main.storyboard */,
				0723D80D1A64221900641F64 /* SearchViewController.swift */,
				0714BC041A58A2EE006FBF8D /* Images.xcassets */,
				0714BC061A58A2EE006FBF8D /* LaunchScreen.xib */,
				0714BBFB1A58A2ED006FBF8D /* Supporting Files */,
				0723D8301A6427A500641F64 /* iKota-Bridging-Header.h */,
			);
			path = iKota;
			sourceTree = "<group>";
		};
		0714BBFB1A58A2ED006FBF8D /* Supporting Files */ = {
			isa = PBXGroup;
			children = (
				0714BBFC1A58A2ED006FBF8D /* Info.plist */,
			);
			name = "Supporting Files";
			sourceTree = "<group>";
		};
		0714BC101A58A2EE006FBF8D /* iKotaTests */ = {
			isa = PBXGroup;
			children = (
				0714BC131A58A2EE006FBF8D /* iKotaTests.swift */,
				0714BC111A58A2EE006FBF8D /* Supporting Files */,
			);
			path = iKotaTests;
			sourceTree = "<group>";
		};
		0714BC111A58A2EE006FBF8D /* Supporting Files */ = {
			isa = PBXGroup;
			children = (
				0714BC121A58A2EE006FBF8D /* Info.plist */,
			);
			name = "Supporting Files";
			sourceTree = "<group>";
		};
		0723D8191A6425C700641F64 /* Frameworks */ = {
			isa = PBXGroup;
			children = (
				0723D82E1A64267E00641F64 /* libsqlite3.dylib */,
				0723D82C1A64267200641F64 /* libz.dylib */,
				0723D82A1A64266700641F64 /* SystemConfiguration.framework */,
				0723D8281A64265D00641F64 /* StoreKit.framework */,
				0723D8261A64265400641F64 /* Security.framework */,
				0723D8241A64264900641F64 /* QuartzCore.framework */,
				0723D8221A64263C00641F64 /* MobileCoreServices.framework */,
				0723D8201A64263200641F64 /* CoreLocation.framework */,
				0723D81E1A64262900641F64 /* CoreGraphics.framework */,
				0723D81C1A64261F00641F64 /* CFNetwork.framework */,
				0723D81A1A64261600641F64 /* AudioToolbox.framework */,
				0723D80F1A6425B500641F64 /* Bolts.framework */,
				0723D8101A6425B500641F64 /* Parse.framework */,
				0723D8111A6425B500641F64 /* ParseCrashReporting.framework */,
				0723D8121A6425B500641F64 /* ParseFacebookUtils.framework */,
				0723D8131A6425B500641F64 /* ParseUI.framework */,
			);
			name = Frameworks;
			sourceTree = "<group>";
		};
/* End PBXGroup section */

/* Begin PBXNativeTarget section */
		0714BBF71A58A2ED006FBF8D /* iKota */ = {
			isa = PBXNativeTarget;
			buildConfigurationList = 0714BC171A58A2EE006FBF8D /* Build configuration list for PBXNativeTarget "iKota" */;
			buildPhases = (
				0714BBF41A58A2ED006FBF8D /* Sources */,
				0714BBF51A58A2ED006FBF8D /* Frameworks */,
				0714BBF61A58A2ED006FBF8D /* Resources */,
			);
			buildRules = (
			);
			dependencies = (
			);
			name = iKota;
			productName = iKota;
			productReference = 0714BBF81A58A2ED006FBF8D /* iKota.app */;
			productType = "com.apple.product-type.application";
		};
		0714BC0C1A58A2EE006FBF8D /* iKotaTests */ = {
			isa = PBXNativeTarget;
			buildConfigurationList = 0714BC1A1A58A2EE006FBF8D /* Build configuration list for PBXNativeTarget "iKotaTests" */;
			buildPhases = (
				0714BC091A58A2EE006FBF8D /* Sources */,
				0714BC0A1A58A2EE006FBF8D /* Frameworks */,
				0714BC0B1A58A2EE006FBF8D /* Resources */,
			);
			buildRules = (
			);
			dependencies = (
				0714BC0F1A58A2EE006FBF8D /* PBXTargetDependency */,
			);
			name = iKotaTests;
			productName = iKotaTests;
			productReference = 0714BC0D1A58A2EE006FBF8D /* iKotaTests.xctest */;
			productType = "com.apple.product-type.bundle.unit-test";
		};
/* End PBXNativeTarget section */

/* Begin PBXProject section */
		0714BBF01A58A2ED006FBF8D /* Project object */ = {
			isa = PBXProject;
			attributes = {
				LastUpgradeCheck = 0610;
				ORGANIZATIONNAME = "Naoki KODAMA";
				TargetAttributes = {
					0714BBF71A58A2ED006FBF8D = {
						CreatedOnToolsVersion = 6.1.1;
					};
					0714BC0C1A58A2EE006FBF8D = {
						CreatedOnToolsVersion = 6.1.1;
						TestTargetID = 0714BBF71A58A2ED006FBF8D;
					};
				};
			};
			buildConfigurationList = 0714BBF31A58A2ED006FBF8D /* Build configuration list for PBXProject "iKota" */;
			compatibilityVersion = "Xcode 3.2";
			developmentRegion = English;
			hasScannedForEncodings = 0;
			knownRegions = (
				en,
				Base,
			);
			mainGroup = 0714BBEF1A58A2ED006FBF8D;
			productRefGroup = 0714BBF91A58A2ED006FBF8D /* Products */;
			projectDirPath = "";
			projectRoot = "";
			targets = (
				0714BBF71A58A2ED006FBF8D /* iKota */,
				0714BC0C1A58A2EE006FBF8D /* iKotaTests */,
			);
		};
/* End PBXProject section */

/* Begin PBXResourcesBuildPhase section */
		0714BBF61A58A2ED006FBF8D /* Resources */ = {
			isa = PBXResourcesBuildPhase;
			buildActionMask = 2147483647;
			files = (
				0714BC031A58A2EE006FBF8D /* Main.storyboard in Resources */,
				0714BC081A58A2EE006FBF8D /* LaunchScreen.xib in Resources */,
				0714BC051A58A2EE006FBF8D /* Images.xcassets in Resources */,
			);
			runOnlyForDeploymentPostprocessing = 0;
		};
		0714BC0B1A58A2EE006FBF8D /* Resources */ = {
			isa = PBXResourcesBuildPhase;
			buildActionMask = 2147483647;
			files = (
			);
			runOnlyForDeploymentPostprocessing = 0;
		};
/* End PBXResourcesBuildPhase section */

/* Begin PBXSourcesBuildPhase section */
		0714BBF41A58A2ED006FBF8D /* Sources */ = {
			isa = PBXSourcesBuildPhase;
			buildActionMask = 2147483647;
			files = (
				0723D80E1A64221900641F64 /* SearchViewController.swift in Sources */,
				076713FE1A6137F2007A881F /* ViewController.swift in Sources */,
				07319CE71A5EBEA6009C0229 /* YoutubeViewController.swift in Sources */,
				0714BBFE1A58A2ED006FBF8D /* AppDelegate.swift in Sources */,
				0714BC201A58A6C0006FBF8D /* TuneCollection.swift in Sources */,
				07229DA91A60DF5D00D7E1A0 /* YoutubeConnector.swift in Sources */,
			);
			runOnlyForDeploymentPostprocessing = 0;
		};
		0714BC091A58A2EE006FBF8D /* Sources */ = {
			isa = PBXSourcesBuildPhase;
			buildActionMask = 2147483647;
			files = (
				0714BC141A58A2EE006FBF8D /* iKotaTests.swift in Sources */,
			);
			runOnlyForDeploymentPostprocessing = 0;
		};
/* End PBXSourcesBuildPhase section */

/* Begin PBXTargetDependency section */
		0714BC0F1A58A2EE006FBF8D /* PBXTargetDependency */ = {
			isa = PBXTargetDependency;
			target = 0714BBF71A58A2ED006FBF8D /* iKota */;
			targetProxy = 0714BC0E1A58A2EE006FBF8D /* PBXContainerItemProxy */;
		};
/* End PBXTargetDependency section */

/* Begin PBXVariantGroup section */
		0714BC011A58A2EE006FBF8D /* Main.storyboard */ = {
			isa = PBXVariantGroup;
			children = (
				0714BC021A58A2EE006FBF8D /* Base */,
			);
			name = Main.storyboard;
			sourceTree = "<group>";
		};
		0714BC061A58A2EE006FBF8D /* LaunchScreen.xib */ = {
			isa = PBXVariantGroup;
			children = (
				0714BC071A58A2EE006FBF8D /* Base */,
			);
			name = LaunchScreen.xib;
			sourceTree = "<group>";
		};
/* End PBXVariantGroup section */

/* Begin XCBuildConfiguration section */
		0714BC151A58A2EE006FBF8D /* Debug */ = {
			isa = XCBuildConfiguration;
			buildSettings = {
				ALWAYS_SEARCH_USER_PATHS = NO;
				CLANG_CXX_LANGUAGE_STANDARD = "gnu++0x";
				CLANG_CXX_LIBRARY = "libc++";
				CLANG_ENABLE_MODULES = YES;
				CLANG_ENABLE_OBJC_ARC = YES;
				CLANG_WARN_BOOL_CONVERSION = YES;
				CLANG_WARN_CONSTANT_CONVERSION = YES;
				CLANG_WARN_DIRECT_OBJC_ISA_USAGE = YES_ERROR;
				CLANG_WARN_EMPTY_BODY = YES;
				CLANG_WARN_ENUM_CONVERSION = YES;
				CLANG_WARN_INT_CONVERSION = YES;
				CLANG_WARN_OBJC_ROOT_CLASS = YES_ERROR;
				CLANG_WARN_UNREACHABLE_CODE = YES;
				CLANG_WARN__DUPLICATE_METHOD_MATCH = YES;
				"CODE_SIGN_IDENTITY[sdk=iphoneos*]" = "iPhone Developer";
				COPY_PHASE_STRIP = NO;
				ENABLE_STRICT_OBJC_MSGSEND = YES;
				GCC_C_LANGUAGE_STANDARD = gnu99;
				GCC_DYNAMIC_NO_PIC = NO;
				GCC_OPTIMIZATION_LEVEL = 0;
				GCC_PREPROCESSOR_DEFINITIONS = (
					"DEBUG=1",
					"$(inherited)",
				);
				GCC_SYMBOLS_PRIVATE_EXTERN = NO;
				GCC_WARN_64_TO_32_BIT_CONVERSION = YES;
				GCC_WARN_ABOUT_RETURN_TYPE = YES_ERROR;
				GCC_WARN_UNDECLARED_SELECTOR = YES;
				GCC_WARN_UNINITIALIZED_AUTOS = YES_AGGRESSIVE;
				GCC_WARN_UNUSED_FUNCTION = YES;
				GCC_WARN_UNUSED_VARIABLE = YES;
				IPHONEOS_DEPLOYMENT_TARGET = 8.1;
				MTL_ENABLE_DEBUG_INFO = YES;
				ONLY_ACTIVE_ARCH = YES;
				SDKROOT = iphoneos;
				SWIFT_OPTIMIZATION_LEVEL = "-Onone";
				TARGETED_DEVICE_FAMILY = "1,2";
			};
			name = Debug;
		};
		0714BC161A58A2EE006FBF8D /* Release */ = {
			isa = XCBuildConfiguration;
			buildSettings = {
				ALWAYS_SEARCH_USER_PATHS = NO;
				CLANG_CXX_LANGUAGE_STANDARD = "gnu++0x";
				CLANG_CXX_LIBRARY = "libc++";
				CLANG_ENABLE_MODULES = YES;
				CLANG_ENABLE_OBJC_ARC = YES;
				CLANG_WARN_BOOL_CONVERSION = YES;
				CLANG_WARN_CONSTANT_CONVERSION = YES;
				CLANG_WARN_DIRECT_OBJC_ISA_USAGE = YES_ERROR;
				CLANG_WARN_EMPTY_BODY = YES;
				CLANG_WARN_ENUM_CONVERSION = YES;
				CLANG_WARN_INT_CONVERSION = YES;
				CLANG_WARN_OBJC_ROOT_CLASS = YES_ERROR;
				CLANG_WARN_UNREACHABLE_CODE = YES;
				CLANG_WARN__DUPLICATE_METHOD_MATCH = YES;
				"CODE_SIGN_IDENTITY[sdk=iphoneos*]" = "iPhone Developer";
				COPY_PHASE_STRIP = YES;
				ENABLE_NS_ASSERTIONS = NO;
				ENABLE_STRICT_OBJC_MSGSEND = YES;
				GCC_C_LANGUAGE_STANDARD = gnu99;
				GCC_WARN_64_TO_32_BIT_CONVERSION = YES;
				GCC_WARN_ABOUT_RETURN_TYPE = YES_ERROR;
				GCC_WARN_UNDECLARED_SELECTOR = YES;
				GCC_WARN_UNINITIALIZED_AUTOS = YES_AGGRESSIVE;
				GCC_WARN_UNUSED_FUNCTION = YES;
				GCC_WARN_UNUSED_VARIABLE = YES;
				IPHONEOS_DEPLOYMENT_TARGET = 8.1;
				MTL_ENABLE_DEBUG_INFO = NO;
				SDKROOT = iphoneos;
				TARGETED_DEVICE_FAMILY = "1,2";
				VALIDATE_PRODUCT = YES;
			};
			name = Release;
		};
		0714BC181A58A2EE006FBF8D /* Debug */ = {
			isa = XCBuildConfiguration;
			buildSettings = {
				ASSETCATALOG_COMPILER_APPICON_NAME = AppIcon;
				CLANG_ENABLE_MODULES = YES;
				FRAMEWORK_SEARCH_PATHS = (
					"$(inherited)",
					"/Users/kodama/Downloads/parse-library-1.6.1",
				);
				INFOPLIST_FILE = iKota/Info.plist;
				LD_RUNPATH_SEARCH_PATHS = "$(inherited) @executable_path/Frameworks";
				PRODUCT_NAME = "$(TARGET_NAME)";
				SWIFT_OBJC_BRIDGING_HEADER = "iKota/iKota-Bridging-Header.h";
				SWIFT_OPTIMIZATION_LEVEL = "-Onone";
			};
			name = Debug;
		};
		0714BC191A58A2EE006FBF8D /* Release */ = {
			isa = XCBuildConfiguration;
			buildSettings = {
				ASSETCATALOG_COMPILER_APPICON_NAME = AppIcon;
				CLANG_ENABLE_MODULES = YES;
				FRAMEWORK_SEARCH_PATHS = (
					"$(inherited)",
					"/Users/kodama/Downloads/parse-library-1.6.1",
				);
				INFOPLIST_FILE = iKota/Info.plist;
				LD_RUNPATH_SEARCH_PATHS = "$(inherited) @executable_path/Frameworks";
				PRODUCT_NAME = "$(TARGET_NAME)";
				SWIFT_OBJC_BRIDGING_HEADER = "iKota/iKota-Bridging-Header.h";
			};
			name = Release;
		};
		0714BC1B1A58A2EE006FBF8D /* Debug */ = {
			isa = XCBuildConfiguration;
			buildSettings = {
				BUNDLE_LOADER = "$(TEST_HOST)";
				FRAMEWORK_SEARCH_PATHS = (
					"$(SDKROOT)/Developer/Library/Frameworks",
					"$(inherited)",
				);
				GCC_PREPROCESSOR_DEFINITIONS = (
					"DEBUG=1",
					"$(inherited)",
				);
				INFOPLIST_FILE = iKotaTests/Info.plist;
				LD_RUNPATH_SEARCH_PATHS = "$(inherited) @executable_path/Frameworks @loader_path/Frameworks";
				PRODUCT_NAME = "$(TARGET_NAME)";
				TEST_HOST = "$(BUILT_PRODUCTS_DIR)/iKota.app/iKota";
			};
			name = Debug;
		};
		0714BC1C1A58A2EE006FBF8D /* Release */ = {
			isa = XCBuildConfiguration;
			buildSettings = {
				BUNDLE_LOADER = "$(TEST_HOST)";
				FRAMEWORK_SEARCH_PATHS = (
					"$(SDKROOT)/Developer/Library/Frameworks",
					"$(inherited)",
				);
				INFOPLIST_FILE = iKotaTests/Info.plist;
				LD_RUNPATH_SEARCH_PATHS = "$(inherited) @executable_path/Frameworks @loader_path/Frameworks";
				PRODUCT_NAME = "$(TARGET_NAME)";
				TEST_HOST = "$(BUILT_PRODUCTS_DIR)/iKota.app/iKota";
			};
			name = Release;
		};
/* End XCBuildConfiguration section */

/* Begin XCConfigurationList section */
		0714BBF31A58A2ED006FBF8D /* Build configuration list for PBXProject "iKota" */ = {
			isa = XCConfigurationList;
			buildConfigurations = (
				0714BC151A58A2EE006FBF8D /* Debug */,
				0714BC161A58A2EE006FBF8D /* Release */,
			);
			defaultConfigurationIsVisible = 0;
			defaultConfigurationName = Release;
		};
		0714BC171A58A2EE006FBF8D /* Build configuration list for PBXNativeTarget "iKota" */ = {
			isa = XCConfigurationList;
			buildConfigurations = (
				0714BC181A58A2EE006FBF8D /* Debug */,
				0714BC191A58A2EE006FBF8D /* Release */,
			);
			defaultConfigurationIsVisible = 0;
			defaultConfigurationName = Release;
		};
		0714BC1A1A58A2EE006FBF8D /* Build configuration list for PBXNativeTarget "iKotaTests" */ = {
			isa = XCConfigurationList;
			buildConfigurations = (
				0714BC1B1A58A2EE006FBF8D /* Debug */,
				0714BC1C1A58A2EE006FBF8D /* Release */,
			);
			defaultConfigurationIsVisible = 0;
			defaultConfigurationName = Release;
		};
/* End XCConfigurationList section */
	};
	rootObject = 0714BBF01A58A2ED006FBF8D /* Project object */;
}
